
Microsoft Visual Studio Solution File, Format Version 12.00
# Visual Studio Version 18
VisualStudioVersion = 18.2.11415.280
MinimumVisualStudioVersion = 10.0.40219.1
Project("{FAE04EC0-301F-11D3-BF4B-00C04F79EFBC}") = "LusterMotion", "src\Shell\LusterMotion\LusterMotion.csproj", "{56F47C03-55B7-0815-6A9B-AE39D91B27DC}"
EndProject
Project("{2150E333-8FDC-42A3-9474-1A3956D46DE8}") = "src", "src", "{827E0CD3-B72D-47B6-A68D-7590B98EB39B}"
EndProject
Project("{2150E333-8FDC-42A3-9474-1A3956D46DE8}") = "Infrastructure", "Infrastructure", "{9048EB7F-3875-A59E-E36B-5BD4C6F2A282}"
EndProject
Project("{FAE04EC0-301F-11D3-BF4B-00C04F79EFBC}") = "Luster.Prism", "src\Infrastructure\Luster.Prism\Luster.Prism.csproj", "{019A42D9-D136-DD0F-5FE9-699389BF4D57}"
EndProject
Project("{2150E333-8FDC-42A3-9474-1A3956D46DE8}") = "Modules", "Modules", "{EC447DCF-ABFA-6E24-52A5-D7FD48A5C558}"
EndProject
Project("{FAE04EC0-301F-11D3-BF4B-00C04F79EFBC}") = "Luster.Common.Assets", "src\Modules\Luster.Common.Assets\Luster.Common.Assets.csproj", "{C0816834-193C-A5C9-8355-1CE6C9937322}"
EndProject
Project("{FAE04EC0-301F-11D3-BF4B-00C04F79EFBC}") = "Luster.Common.DataAccess", "src\Modules\Luster.Common.DataAccess\Luster.Common.DataAccess.csproj", "{BD883EFC-C056-9011-C72A-1EBA65834060}"
EndProject
Project("{FAE04EC0-301F-11D3-BF4B-00C04F79EFBC}") = "Luster.Common.DataStruct", "src\Modules\Luster.Common.DataStruct\Luster.Common.DataStruct.csproj", "{5FD953D6-9A84-DC2B-CDA7-D595C69DA379}"
EndProject
Project("{FAE04EC0-301F-11D3-BF4B-00C04F79EFBC}") = "Luster.Common.Tools", "src\Modules\Luster.Common.Tools\Luster.Common.Tools.csproj", "{B478821D-D921-8194-88CC-B25AC4F6CE86}"
EndProject
Project("{FAE04EC0-301F-11D3-BF4B-00C04F79EFBC}") = "Luster.Control.Wpf.Motion", "src\Modules\Luster.Control.Wpf.Motion\Luster.Control.Wpf.Motion.csproj", "{6196644D-D84F-4400-D337-8DCF562CA532}"
EndProject
Project("{FAE04EC0-301F-11D3-BF4B-00C04F79EFBC}") = "Luster.Controls.Wpf", "src\Modules\Luster.Controls.Wpf\Luster.Controls.Wpf.csproj", "{3CF18FE0-F048-93A1-A1BE-B4EFDF1420E9}"
EndProject
Project("{FAE04EC0-301F-11D3-BF4B-00C04F79EFBC}") = "Luster.Module.Motion.Algorithm", "src\Modules\Luster.Module.Motion.Algorithm\Luster.Module.Motion.Algorithm.csproj", "{085A5499-60B8-0F5E-5BAE-2072EB443E03}"
EndProject
Project("{FAE04EC0-301F-11D3-BF4B-00C04F79EFBC}") = "Luster.Module.Motion.Business", "src\Modules\Luster.Module.Motion.Business\Luster.Module.Motion.Business.csproj", "{460F6CF4-BAA8-6AD9-3CA1-D90669E9043B}"
EndProject
Project("{FAE04EC0-301F-11D3-BF4B-00C04F79EFBC}") = "Luster.Module.Motion.Camera", "src\Modules\Luster.Module.Motion.Camera\Luster.Module.Motion.Camera.csproj", "{D872CDC8-FABE-7C33-510A-9F7FD04DE464}"
EndProject
Project("{FAE04EC0-301F-11D3-BF4B-00C04F79EFBC}") = "Luster.Module.Motion.DataProc", "src\Modules\Luster.Module.Motion.DataProc\Luster.Module.Motion.DataProc.csproj", "{03054075-C1A9-231C-30B9-12AD3252DAAB}"
EndProject
Project("{FAE04EC0-301F-11D3-BF4B-00C04F79EFBC}") = "Luster.Module.Motion.Device", "src\Modules\Luster.Module.Motion.Device\Luster.Module.Motion.Device.csproj", "{D759D862-3288-D231-F432-B3CC35CD0C4E}"
EndProject
Project("{FAE04EC0-301F-11D3-BF4B-00C04F79EFBC}") = "Luster.Module.Motion.Logic", "src\Modules\Luster.Module.Motion.Logic\Luster.Module.Motion.Logic.csproj", "{7AE71374-4C4C-32F8-8065-1A54D1AB448E}"
EndProject
Project("{FAE04EC0-301F-11D3-BF4B-00C04F79EFBC}") = "Luster.Module.Motion.Protocol", "src\Modules\Luster.Module.Motion.Protocol\Luster.Module.Motion.Protocol.csproj", "{F46D6AA4-36EB-BF4F-D22C-A04AA1773DB7}"
EndProject
Project("{FAE04EC0-301F-11D3-BF4B-00C04F79EFBC}") = "Luster.Module.Motion.Stations", "src\Modules\Luster.Module.Motion.Stations\Luster.Module.Motion.Stations.csproj", "{45D190DA-0FA4-365F-711B-76D4102989E6}"
EndProject
Project("{FAE04EC0-301F-11D3-BF4B-00C04F79EFBC}") = "Luster.Module.Motion.TwoD", "src\Modules\Luster.Module.Motion.TwoD\Luster.Module.Motion.TwoD.csproj", "{D807611A-8B40-D1B3-F7DB-F289F71234A4}"
EndProject
Project("{FAE04EC0-301F-11D3-BF4B-00C04F79EFBC}") = "Luster.Motion.AlarmUI", "src\Modules\Luster.Motion.AlarmUI\Luster.Motion.AlarmUI.csproj", "{42AD19E2-EA6C-A00E-B2F0-A1D3A813A68B}"
EndProject
Project("{FAE04EC0-301F-11D3-BF4B-00C04F79EFBC}") = "Luster.Motion.Assests", "src\Modules\Luster.Motion.Assests\Luster.Motion.Assests.csproj", "{6C1D0DE4-D7BD-4289-F139-8BEC1795632E}"
EndProject
Project("{FAE04EC0-301F-11D3-BF4B-00C04F79EFBC}") = "Luster.Motion.CommonUI", "src\Modules\Luster.Motion.CommonUI\Luster.Motion.CommonUI.csproj", "{047CE111-90C2-7D9B-453A-3DEFACB763ED}"
EndProject
Project("{FAE04EC0-301F-11D3-BF4B-00C04F79EFBC}") = "Luster.Motion.DataStruct", "src\Modules\Luster.Motion.DataStruct\Luster.Motion.DataStruct.csproj", "{D9FD92B5-DFFE-CE7E-F45C-37F09C636311}"
EndProject
Project("{FAE04EC0-301F-11D3-BF4B-00C04F79EFBC}") = "Luster.Motion.DigitalSetup", "src\Modules\Luster.Motion.DigitalSetup\Luster.Motion.DigitalSetup.csproj", "{0E7BC535-4B50-FFC2-A1F4-D4932A99CEA9}"
EndProject
Project("{FAE04EC0-301F-11D3-BF4B-00C04F79EFBC}") = "Luster.Motion.EditorUI", "src\Modules\Luster.Motion.EditorUI\Luster.Motion.EditorUI.csproj", "{A5B83474-8F06-7273-0B28-67F56087D5CE}"
EndProject
Project("{FAE04EC0-301F-11D3-BF4B-00C04F79EFBC}") = "Luster.Motion.Integration", "src\Modules\Luster.Motion.Integration\Luster.Motion.Integration.csproj", "{1844E62B-C88E-EF72-7772-B8266FF6CE38}"
EndProject
Project("{FAE04EC0-301F-11D3-BF4B-00C04F79EFBC}") = "Luster.Motion.ReportUI", "src\Modules\Luster.Motion.ReportUI\Luster.Motion.ReportUI.csproj", "{FF36D259-860B-6C38-7787-3A129C8E0F05}"
EndProject
Project("{FAE04EC0-301F-11D3-BF4B-00C04F79EFBC}") = "Luster.Motion.SubSystem", "src\Modules\Luster.Motion.SubSystem\Luster.Motion.SubSystem.csproj", "{40728678-C9F0-452F-A738-1B8A5FF5A85A}"
EndProject
Project("{FAE04EC0-301F-11D3-BF4B-00C04F79EFBC}") = "Luster.Motion.TaskFlow.Engine", "src\Modules\Luster.Motion.TaskFlow.Engine\Luster.Motion.TaskFlow.Engine.csproj", "{BFA35C30-3304-54C0-1B4C-E68A8AE8E4DC}"
EndProject
Project("{FAE04EC0-301F-11D3-BF4B-00C04F79EFBC}") = "Luster.SimDevice.Camera", "src\Modules\Luster.SimDevice.Camera\Luster.SimDevice.Camera.csproj", "{FCCA35DF-F3CA-F5CD-F1AF-1B4D2E1DD622}"
EndProject
Project("{FAE04EC0-301F-11D3-BF4B-00C04F79EFBC}") = "Luster.SimDevice.EngineUI", "src\Modules\Luster.SimDevice.EngineUI\Luster.SimDevice.EngineUI.csproj", "{E5B98A1F-450D-94D0-4D2E-6220B68A66FA}"
EndProject
Project("{FAE04EC0-301F-11D3-BF4B-00C04F79EFBC}") = "Luster.SimDevice.Laser", "src\Modules\Luster.SimDevice.Laser\Luster.SimDevice.Laser.csproj", "{C7A427AC-13F0-28A4-1D1A-7E3F9FF9A368}"
EndProject
Project("{FAE04EC0-301F-11D3-BF4B-00C04F79EFBC}") = "Luster.SimDevice.Light", "src\Modules\Luster.SimDevice.Light\Luster.SimDevice.Light.csproj", "{3FE29AEB-E7C3-0B7A-0070-03C50CF09B74}"
EndProject
Project("{FAE04EC0-301F-11D3-BF4B-00C04F79EFBC}") = "Luster.SimDevice.MotionCard", "src\Modules\Luster.SimDevice.MotionCard\Luster.SimDevice.MotionCard.csproj", "{405023A7-A07F-26A2-1F3A-2FBA95D7A248}"
EndProject
Project("{FAE04EC0-301F-11D3-BF4B-00C04F79EFBC}") = "Luster.SimDevice.Printer", "src\Modules\Luster.SimDevice.Printer\Luster.SimDevice.Printer.csproj", "{9B628D43-5F7E-0660-4085-B565C688FC39}"
EndProject
Project("{FAE04EC0-301F-11D3-BF4B-00C04F79EFBC}") = "Luster.SimDevice.Robot", "src\Modules\Luster.SimDevice.Robot\Luster.SimDevice.Robot.csproj", "{5A54616C-5C96-862A-3F92-0D0674D7E593}"
EndProject
Project("{FAE04EC0-301F-11D3-BF4B-00C04F79EFBC}") = "Luster.SimDevice.SubSystem", "src\Modules\Luster.SimDevice.SubSystem\Luster.SimDevice.SubSystem.csproj", "{2B43D297-8DF9-547E-DB91-F532B8F1761D}"
EndProject
Project("{FAE04EC0-301F-11D3-BF4B-00C04F79EFBC}") = "Luster.SimDevice", "src\Modules\Luster.SimDevice\Luster.SimDevice.csproj", "{0C1CC975-7D09-5CB0-6C22-CE2E9578B14C}"
EndProject
Project("{FAE04EC0-301F-11D3-BF4B-00C04F79EFBC}") = "Luster.TaskFlow.Common", "src\Modules\Luster.TaskFlow.Common\Luster.TaskFlow.Common.csproj", "{51ADA1E3-1BE9-BC25-1BDB-D8A38DD5BDF2}"
EndProject
Project("{FAE04EC0-301F-11D3-BF4B-00C04F79EFBC}") = "Luster.TaskFlow.Engine", "src\Modules\Luster.TaskFlow.Engine\Luster.TaskFlow.Engine.csproj", "{48ABDDB7-AF40-1645-7139-CAF46F12C687}"
EndProject
Project("{FAE04EC0-301F-11D3-BF4B-00C04F79EFBC}") = "Luster.TaskFlow.Motion", "src\Modules\Luster.TaskFlow.Motion\Luster.TaskFlow.Motion.csproj", "{9D754E45-7BFE-BC2E-74AB-7CD93B1217AC}"
EndProject
Project("{FAE04EC0-301F-11D3-BF4B-00C04F79EFBC}") = "Luster.ThreeD.Algorithm", "src\Modules\Luster.ThreeD.Algorithm\Luster.ThreeD.Algorithm.csproj", "{D4DDEA1F-60E7-DE0A-D931-6E3F6B9D2E63}"
EndProject
Project("{FAE04EC0-301F-11D3-BF4B-00C04F79EFBC}") = "TaiKeCommon", "src\Modules\TaiKeCommon\TaiKeCommon.csproj", "{A42CD5B0-5266-4D33-A29C-700137AA0176}"
EndProject
Project("{2150E333-8FDC-42A3-9474-1A3956D46DE8}") = "Shell", "Shell", "{B760A253-9F68-673B-BD5D-A8E1592F7D45}"
EndProject
Project("{2150E333-8FDC-42A3-9474-1A3956D46DE8}") = "scripts", "scripts", "{C4AD9936-F0DF-1090-6077-3D4A6324E662}"
	ProjectSection(SolutionItems) = preProject
		scripts\build-dotnet.yml = scripts\build-dotnet.yml
		scripts\clean.ps1 = scripts\clean.ps1
		scripts\mr-notify.yml = scripts\mr-notify.yml
		scripts\push-notify.yml = scripts\push-notify.yml
		scripts\sync-mr.yml = scripts\sync-mr.yml
	EndProjectSection
EndProject
Project("{2150E333-8FDC-42A3-9474-1A3956D46DE8}") = "解决方案项", "解决方案项", "{FCE85972-C601-3E31-0F23-6F886044FA5A}"
	ProjectSection(SolutionItems) = preProject
		.editorconfig = .editorconfig
		.gitignore = .gitignore
		.gitlab-ci.yml = .gitlab-ci.yml
		Directory.Build.props = Directory.Build.props
		Directory.Build.targets = Directory.Build.targets
		Directory.Packages.props = Directory.Packages.props
		global.json = global.json
		NuGet.config = NuGet.config
	EndProjectSection
EndProject
Project("{FAE04EC0-301F-11D3-BF4B-00C04F79EFBC}") = "Luster.Authorization.Client", "src\Modules\Luster.Authorization.Client\Luster.Authorization.Client.csproj", "{C2EFC65A-FA2D-2861-0D44-84459C278B90}"
EndProject
Project("{FAE04EC0-301F-11D3-BF4B-00C04F79EFBC}") = "Luster.Common.Authorization", "src\Modules\Luster.Common.Authorization\Luster.Common.Authorization.csproj", "{E1BE70E6-157A-20D6-E552-CFC670AE49CB}"
EndProject
Project("{2150E333-8FDC-42A3-9474-1A3956D46DE8}") = "Tools", "Tools", "{BE3BB9E3-F1B7-4D12-8DA0-A9EE9E686A98}"
EndProject
Project("{FAE04EC0-301F-11D3-BF4B-00C04F79EFBC}") = "LCVersionCollector", "src\Tools\LCVersionCollector\LCVersionCollector.csproj", "{EEEDB658-0B10-FE74-13A1-FCD7D066844B}"
EndProject
Project("{FAE04EC0-301F-11D3-BF4B-00C04F79EFBC}") = "LCVersionSimTest", "src\Tools\LCVersionSimTest\LCVersionSimTest.csproj", "{2835E0E6-D41A-4F6D-86E5-36E164185D3F}"
EndProject
Project("{FAE04EC0-301F-11D3-BF4B-00C04F79EFBC}") = "Luster.Motion.FiveAxis.UI", "src\Modules\Luster.Motion.FiveAxis.UI\Luster.Motion.FiveAxis.UI.csproj", "{F5C647B7-B157-4049-AA63-A6D13CCF7A7C}"
EndProject
Global
	GlobalSection(SolutionConfigurationPlatforms) = preSolution
		Debug|Any CPU = Debug|Any CPU
		Debug|x64 = Debug|x64
		Debug|x86 = Debug|x86
		Release|Any CPU = Release|Any CPU
		Release|x64 = Release|x64
		Release|x86 = Release|x86
	EndGlobalSection
	GlobalSection(ProjectConfigurationPlatforms) = postSolution
		{56F47C03-55B7-0815-6A9B-AE39D91B27DC}.Debug|Any CPU.ActiveCfg = Debug|Any CPU
		{56F47C03-55B7-0815-6A9B-AE39D91B27DC}.Debug|Any CPU.Build.0 = Debug|Any CPU
		{56F47C03-55B7-0815-6A9B-AE39D91B27DC}.Debug|x64.ActiveCfg = Debug|Any CPU
		{56F47C03-55B7-0815-6A9B-AE39D91B27DC}.Debug|x64.Build.0 = Debug|Any CPU
		{56F47C03-55B7-0815-6A9B-AE39D91B27DC}.Debug|x86.ActiveCfg = Debug|Any CPU
		{56F47C03-55B7-0815-6A9B-AE39D91B27DC}.Debug|x86.Build.0 = Debug|Any CPU
		{56F47C03-55B7-0815-6A9B-AE39D91B27DC}.Release|Any CPU.ActiveCfg = Release|Any CPU
		{56F47C03-55B7-0815-6A9B-AE39D91B27DC}.Release|Any CPU.Build.0 = Release|Any CPU
		{56F47C03-55B7-0815-6A9B-AE39D91B27DC}.Release|x64.ActiveCfg = Release|Any CPU
		{56F47C03-55B7-0815-6A9B-AE39D91B27DC}.Release|x64.Build.0 = Release|Any CPU
		{56F47C03-55B7-0815-6A9B-AE39D91B27DC}.Release|x86.ActiveCfg = Release|Any CPU
		{56F47C03-55B7-0815-6A9B-AE39D91B27DC}.Release|x86.Build.0 = Release|Any CPU
		{019A42D9-D136-DD0F-5FE9-699389BF4D57}.Debug|Any CPU.ActiveCfg = Debug|Any CPU
		{019A42D9-D136-DD0F-5FE9-699389BF4D57}.Debug|Any CPU.Build.0 = Debug|Any CPU
		{019A42D9-D136-DD0F-5FE9-699389BF4D57}.Debug|x64.ActiveCfg = Debug|Any CPU
		{019A42D9-D136-DD0F-5FE9-699389BF4D57}.Debug|x64.Build.0 = Debug|Any CPU
		{019A42D9-D136-DD0F-5FE9-699389BF4D57}.Debug|x86.ActiveCfg = Debug|Any CPU
		{019A42D9-D136-DD0F-5FE9-699389BF4D57}.Debug|x86.Build.0 = Debug|Any CPU
		{019A42D9-D136-DD0F-5FE9-699389BF4D57}.Release|Any CPU.ActiveCfg = Release|Any CPU
		{019A42D9-D136-DD0F-5FE9-699389BF4D57}.Release|Any CPU.Build.0 = Release|Any CPU
		{019A42D9-D136-DD0F-5FE9-699389BF4D57}.Release|x64.ActiveCfg = Release|Any CPU
		{019A42D9-D136-DD0F-5FE9-699389BF4D57}.Release|x64.Build.0 = Release|Any CPU
		{019A42D9-D136-DD0F-5FE9-699389BF4D57}.Release|x86.ActiveCfg = Release|Any CPU
		{019A42D9-D136-DD0F-5FE9-699389BF4D57}.Release|x86.Build.0 = Release|Any CPU
		{C0816834-193C-A5C9-8355-1CE6C9937322}.Debug|Any CPU.ActiveCfg = Debug|Any CPU
		{C0816834-193C-A5C9-8355-1CE6C9937322}.Debug|Any CPU.Build.0 = Debug|Any CPU
		{C0816834-193C-A5C9-8355-1CE6C9937322}.Debug|x64.ActiveCfg = Debug|Any CPU
		{C0816834-193C-A5C9-8355-1CE6C9937322}.Debug|x64.Build.0 = Debug|Any CPU
		{C0816834-193C-A5C9-8355-1CE6C9937322}.Debug|x86.ActiveCfg = Debug|Any CPU
		{C0816834-193C-A5C9-8355-1CE6C9937322}.Debug|x86.Build.0 = Debug|Any CPU
		{C0816834-193C-A5C9-8355-1CE6C9937322}.Release|Any CPU.ActiveCfg = Release|Any CPU
		{C0816834-193C-A5C9-8355-1CE6C9937322}.Release|Any CPU.Build.0 = Release|Any CPU
		{C0816834-193C-A5C9-8355-1CE6C9937322}.Release|x64.ActiveCfg = Release|Any CPU
		{C0816834-193C-A5C9-8355-1CE6C9937322}.Release|x64.Build.0 = Release|Any CPU
		{C0816834-193C-A5C9-8355-1CE6C9937322}.Release|x86.ActiveCfg = Release|Any CPU
		{C0816834-193C-A5C9-8355-1CE6C9937322}.Release|x86.Build.0 = Release|Any CPU
		{BD883EFC-C056-9011-C72A-1EBA65834060}.Debug|Any CPU.ActiveCfg = Debug|Any CPU
		{BD883EFC-C056-9011-C72A-1EBA65834060}.Debug|Any CPU.Build.0 = Debug|Any CPU
		{BD883EFC-C056-9011-C72A-1EBA65834060}.Debug|x64.ActiveCfg = Debug|Any CPU
		{BD883EFC-C056-9011-C72A-1EBA65834060}.Debug|x64.Build.0 = Debug|Any CPU
		{BD883EFC-C056-9011-C72A-1EBA65834060}.Debug|x86.ActiveCfg = Debug|Any CPU
		{BD883EFC-C056-9011-C72A-1EBA65834060}.Debug|x86.Build.0 = Debug|Any CPU
		{BD883EFC-C056-9011-C72A-1EBA65834060}.Release|Any CPU.ActiveCfg = Release|Any CPU
		{BD883EFC-C056-9011-C72A-1EBA65834060}.Release|Any CPU.Build.0 = Release|Any CPU
		{BD883EFC-C056-9011-C72A-1EBA65834060}.Release|x64.ActiveCfg = Release|Any CPU
		{BD883EFC-C056-9011-C72A-1EBA65834060}.Release|x64.Build.0 = Release|Any CPU
		{BD883EFC-C056-9011-C72A-1EBA65834060}.Release|x86.ActiveCfg = Release|Any CPU
		{BD883EFC-C056-9011-C72A-1EBA65834060}.Release|x86.Build.0 = Release|Any CPU
		{5FD953D6-9A84-DC2B-CDA7-D595C69DA379}.Debug|Any CPU.ActiveCfg = Debug|Any CPU
		{5FD953D6-9A84-DC2B-CDA7-D595C69DA379}.Debug|Any CPU.Build.0 = Debug|Any CPU
		{5FD953D6-9A84-DC2B-CDA7-D595C69DA379}.Debug|x64.ActiveCfg = Debug|Any CPU
		{5FD953D6-9A84-DC2B-CDA7-D595C69DA379}.Debug|x64.Build.0 = Debug|Any CPU
		{5FD953D6-9A84-DC2B-CDA7-D595C69DA379}.Debug|x86.ActiveCfg = Debug|Any CPU
		{5FD953D6-9A84-DC2B-CDA7-D595C69DA379}.Debug|x86.Build.0 = Debug|Any CPU
		{5FD953D6-9A84-DC2B-CDA7-D595C69DA379}.Release|Any CPU.ActiveCfg = Release|Any CPU
		{5FD953D6-9A84-DC2B-CDA7-D595C69DA379}.Release|Any CPU.Build.0 = Release|Any CPU
		{5FD953D6-9A84-DC2B-CDA7-D595C69DA379}.Release|x64.ActiveCfg = Release|Any CPU
		{5FD953D6-9A84-DC2B-CDA7-D595C69DA379}.Release|x64.Build.0 = Release|Any CPU
		{5FD953D6-9A84-DC2B-CDA7-D595C69DA379}.Release|x86.ActiveCfg = Release|Any CPU
		{5FD953D6-9A84-DC2B-CDA7-D595C69DA379}.Release|x86.Build.0 = Release|Any CPU
		{B478821D-D921-8194-88CC-B25AC4F6CE86}.Debug|Any CPU.ActiveCfg = Debug|Any CPU
		{B478821D-D921-8194-88CC-B25AC4F6CE86}.Debug|Any CPU.Build.0 = Debug|Any CPU
		{B478821D-D921-8194-88CC-B25AC4F6CE86}.Debug|x64.ActiveCfg = Debug|Any CPU
		{B478821D-D921-8194-88CC-B25AC4F6CE86}.Debug|x64.Build.0 = Debug|Any CPU
		{B478821D-D921-8194-88CC-B25AC4F6CE86}.Debug|x86.ActiveCfg = Debug|Any CPU
		{B478821D-D921-8194-88CC-B25AC4F6CE86}.Debug|x86.Build.0 = Debug|Any CPU
		{B478821D-D921-8194-88CC-B25AC4F6CE86}.Release|Any CPU.ActiveCfg = Release|Any CPU
		{B478821D-D921-8194-88CC-B25AC4F6CE86}.Release|Any CPU.Build.0 = Release|Any CPU
		{B478821D-D921-8194-88CC-B25AC4F6CE86}.Release|x64.ActiveCfg = Release|Any CPU
		{B478821D-D921-8194-88CC-B25AC4F6CE86}.Release|x64.Build.0 = Release|Any CPU
		{B478821D-D921-8194-88CC-B25AC4F6CE86}.Release|x86.ActiveCfg = Release|Any CPU
		{B478821D-D921-8194-88CC-B25AC4F6CE86}.Release|x86.Build.0 = Release|Any CPU
		{6196644D-D84F-4400-D337-8DCF562CA532}.Debug|Any CPU.ActiveCfg = Debug|Any CPU
		{6196644D-D84F-4400-D337-8DCF562CA532}.Debug|Any CPU.Build.0 = Debug|Any CPU
		{6196644D-D84F-4400-D337-8DCF562CA532}.Debug|x64.ActiveCfg = Debug|Any CPU
		{6196644D-D84F-4400-D337-8DCF562CA532}.Debug|x64.Build.0 = Debug|Any CPU
		{6196644D-D84F-4400-D337-8DCF562CA532}.Debug|x86.ActiveCfg = Debug|Any CPU
		{6196644D-D84F-4400-D337-8DCF562CA532}.Debug|x86.Build.0 = Debug|Any CPU
		{6196644D-D84F-4400-D337-8DCF562CA532}.Release|Any CPU.ActiveCfg = Release|Any CPU
		{6196644D-D84F-4400-D337-8DCF562CA532}.Release|Any CPU.Build.0 = Release|Any CPU
		{6196644D-D84F-4400-D337-8DCF562CA532}.Release|x64.ActiveCfg = Release|Any CPU
		{6196644D-D84F-4400-D337-8DCF562CA532}.Release|x64.Build.0 = Release|Any CPU
		{6196644D-D84F-4400-D337-8DCF562CA532}.Release|x86.ActiveCfg = Release|Any CPU
		{6196644D-D84F-4400-D337-8DCF562CA532}.Release|x86.Build.0 = Release|Any CPU
		{3CF18FE0-F048-93A1-A1BE-B4EFDF1420E9}.Debug|Any CPU.ActiveCfg = Debug|Any CPU
		{3CF18FE0-F048-93A1-A1BE-B4EFDF1420E9}.Debug|Any CPU.Build.0 = Debug|Any CPU
		{3CF18FE0-F048-93A1-A1BE-B4EFDF1420E9}.Debug|x64.ActiveCfg = Debug|Any CPU
		{3CF18FE0-F048-93A1-A1BE-B4EFDF1420E9}.Debug|x64.Build.0 = Debug|Any CPU
		{3CF18FE0-F048-93A1-A1BE-B4EFDF1420E9}.Debug|x86.ActiveCfg = Debug|Any CPU
		{3CF18FE0-F048-93A1-A1BE-B4EFDF1420E9}.Debug|x86.Build.0 = Debug|Any CPU
		{3CF18FE0-F048-93A1-A1BE-B4EFDF1420E9}.Release|Any CPU.ActiveCfg = Release|Any CPU
		{3CF18FE0-F048-93A1-A1BE-B4EFDF1420E9}.Release|Any CPU.Build.0 = Release|Any CPU
		{3CF18FE0-F048-93A1-A1BE-B4EFDF1420E9}.Release|x64.ActiveCfg = Release|Any CPU
		{3CF18FE0-F048-93A1-A1BE-B4EFDF1420E9}.Release|x64.Build.0 = Release|Any CPU
		{3CF18FE0-F048-93A1-A1BE-B4EFDF1420E9}.Release|x86.ActiveCfg = Release|Any CPU
		{3CF18FE0-F048-93A1-A1BE-B4EFDF1420E9}.Release|x86.Build.0 = Release|Any CPU
		{085A5499-60B8-0F5E-5BAE-2072EB443E03}.Debug|Any CPU.ActiveCfg = Debug|Any CPU
		{085A5499-60B8-0F5E-5BAE-2072EB443E03}.Debug|Any CPU.Build.0 = Debug|Any CPU
		{085A5499-60B8-0F5E-5BAE-2072EB443E03}.Debug|x64.ActiveCfg = Debug|Any CPU
		{085A5499-60B8-0F5E-5BAE-2072EB443E03}.Debug|x64.Build.0 = Debug|Any CPU
		{085A5499-60B8-0F5E-5BAE-2072EB443E03}.Debug|x86.ActiveCfg = Debug|Any CPU
		{085A5499-60B8-0F5E-5BAE-2072EB443E03}.Debug|x86.Build.0 = Debug|Any CPU
		{085A5499-60B8-0F5E-5BAE-2072EB443E03}.Release|Any CPU.ActiveCfg = Release|Any CPU
		{085A5499-60B8-0F5E-5BAE-2072EB443E03}.Release|Any CPU.Build.0 = Release|Any CPU
		{085A5499-60B8-0F5E-5BAE-2072EB443E03}.Release|x64.ActiveCfg = Release|Any CPU
		{085A5499-60B8-0F5E-5BAE-2072EB443E03}.Release|x64.Build.0 = Release|Any CPU
		{085A5499-60B8-0F5E-5BAE-2072EB443E03}.Release|x86.ActiveCfg = Release|Any CPU
		{085A5499-60B8-0F5E-5BAE-2072EB443E03}.Release|x86.Build.0 = Release|Any CPU
		{460F6CF4-BAA8-6AD9-3CA1-D90669E9043B}.Debug|Any CPU.ActiveCfg = Debug|Any CPU
		{460F6CF4-BAA8-6AD9-3CA1-D90669E9043B}.Debug|Any CPU.Build.0 = Debug|Any CPU
		{460F6CF4-BAA8-6AD9-3CA1-D90669E9043B}.Debug|x64.ActiveCfg = Debug|Any CPU
		{460F6CF4-BAA8-6AD9-3CA1-D90669E9043B}.Debug|x64.Build.0 = Debug|Any CPU
		{460F6CF4-BAA8-6AD9-3CA1-D90669E9043B}.Debug|x86.ActiveCfg = Debug|Any CPU
		{460F6CF4-BAA8-6AD9-3CA1-D90669E9043B}.Debug|x86.Build.0 = Debug|Any CPU
		{460F6CF4-BAA8-6AD9-3CA1-D90669E9043B}.Release|Any CPU.ActiveCfg = Release|Any CPU
		{460F6CF4-BAA8-6AD9-3CA1-D90669E9043B}.Release|Any CPU.Build.0 = Release|Any CPU
		{460F6CF4-BAA8-6AD9-3CA1-D90669E9043B}.Release|x64.ActiveCfg = Release|Any CPU
		{460F6CF4-BAA8-6AD9-3CA1-D90669E9043B}.Release|x64.Build.0 = Release|Any CPU
		{460F6CF4-BAA8-6AD9-3CA1-D90669E9043B}.Release|x86.ActiveCfg = Release|Any CPU
		{460F6CF4-BAA8-6AD9-3CA1-D90669E9043B}.Release|x86.Build.0 = Release|Any CPU
		{D872CDC8-FABE-7C33-510A-9F7FD04DE464}.Debug|Any CPU.ActiveCfg = Debug|Any CPU
		{D872CDC8-FABE-7C33-510A-9F7FD04DE464}.Debug|Any CPU.Build.0 = Debug|Any CPU
		{D872CDC8-FABE-7C33-510A-9F7FD04DE464}.Debug|x64.ActiveCfg = Debug|Any CPU
		{D872CDC8-FABE-7C33-510A-9F7FD04DE464}.Debug|x64.Build.0 = Debug|Any CPU
		{D872CDC8-FABE-7C33-510A-9F7FD04DE464}.Debug|x86.ActiveCfg = Debug|Any CPU
		{D872CDC8-FABE-7C33-510A-9F7FD04DE464}.Debug|x86.Build.0 = Debug|Any CPU
		{D872CDC8-FABE-7C33-510A-9F7FD04DE464}.Release|Any CPU.ActiveCfg = Release|Any CPU
		{D872CDC8-FABE-7C33-510A-9F7FD04DE464}.Release|Any CPU.Build.0 = Release|Any CPU
		{D872CDC8-FABE-7C33-510A-9F7FD04DE464}.Release|x64.ActiveCfg = Release|Any CPU
		{D872CDC8-FABE-7C33-510A-9F7FD04DE464}.Release|x64.Build.0 = Release|Any CPU
		{D872CDC8-FABE-7C33-510A-9F7FD04DE464}.Release|x86.ActiveCfg = Release|Any CPU
		{D872CDC8-FABE-7C33-510A-9F7FD04DE464}.Release|x86.Build.0 = Release|Any CPU
		{03054075-C1A9-231C-30B9-12AD3252DAAB}.Debug|Any CPU.ActiveCfg = Debug|Any CPU
		{03054075-C1A9-231C-30B9-12AD3252DAAB}.Debug|Any CPU.Build.0 = Debug|Any CPU
		{03054075-C1A9-231C-30B9-12AD3252DAAB}.Debug|x64.ActiveCfg = Debug|Any CPU
		{03054075-C1A9-231C-30B9-12AD3252DAAB}.Debug|x64.Build.0 = Debug|Any CPU
		{03054075-C1A9-231C-30B9-12AD3252DAAB}.Debug|x86.ActiveCfg = Debug|Any CPU
		{03054075-C1A9-231C-30B9-12AD3252DAAB}.Debug|x86.Build.0 = Debug|Any CPU
		{03054075-C1A9-231C-30B9-12AD3252DAAB}.Release|Any CPU.ActiveCfg = Release|Any CPU
		{03054075-C1A9-231C-30B9-12AD3252DAAB}.Release|Any CPU.Build.0 = Release|Any CPU
		{03054075-C1A9-231C-30B9-12AD3252DAAB}.Release|x64.ActiveCfg = Release|Any CPU
		{03054075-C1A9-231C-30B9-12AD3252DAAB}.Release|x64.Build.0 = Release|Any CPU
		{03054075-C1A9-231C-30B9-12AD3252DAAB}.Release|x86.ActiveCfg = Release|Any CPU
		{03054075-C1A9-231C-30B9-12AD3252DAAB}.Release|x86.Build.0 = Release|Any CPU
		{D759D862-3288-D231-F432-B3CC35CD0C4E}.Debug|Any CPU.ActiveCfg = Debug|Any CPU
		{D759D862-3288-D231-F432-B3CC35CD0C4E}.Debug|Any CPU.Build.0 = Debug|Any CPU
		{D759D862-3288-D231-F432-B3CC35CD0C4E}.Debug|x64.ActiveCfg = Debug|Any CPU
		{D759D862-3288-D231-F432-B3CC35CD0C4E}.Debug|x64.Build.0 = Debug|Any CPU
		{D759D862-3288-D231-F432-B3CC35CD0C4E}.Debug|x86.ActiveCfg = Debug|Any CPU
		{D759D862-3288-D231-F432-B3CC35CD0C4E}.Debug|x86.Build.0 = Debug|Any CPU
		{D759D862-3288-D231-F432-B3CC35CD0C4E}.Release|Any CPU.ActiveCfg = Release|Any CPU
		{D759D862-3288-D231-F432-B3CC35CD0C4E}.Release|Any CPU.Build.0 = Release|Any CPU
		{D759D862-3288-D231-F432-B3CC35CD0C4E}.Release|x64.ActiveCfg = Release|Any CPU
		{D759D862-3288-D231-F432-B3CC35CD0C4E}.Release|x64.Build.0 = Release|Any CPU
		{D759D862-3288-D231-F432-B3CC35CD0C4E}.Release|x86.ActiveCfg = Release|Any CPU
		{D759D862-3288-D231-F432-B3CC35CD0C4E}.Release|x86.Build.0 = Release|Any CPU
		{7AE71374-4C4C-32F8-8065-1A54D1AB448E}.Debug|Any CPU.ActiveCfg = Debug|Any CPU
		{7AE71374-4C4C-32F8-8065-1A54D1AB448E}.Debug|Any CPU.Build.0 = Debug|Any CPU
		{7AE71374-4C4C-32F8-8065-1A54D1AB448E}.Debug|x64.ActiveCfg = Debug|Any CPU
		{7AE71374-4C4C-32F8-8065-1A54D1AB448E}.Debug|x64.Build.0 = Debug|Any CPU
		{7AE71374-4C4C-32F8-8065-1A54D1AB448E}.Debug|x86.ActiveCfg = Debug|Any CPU
		{7AE71374-4C4C-32F8-8065-1A54D1AB448E}.Debug|x86.Build.0 = Debug|Any CPU
		{7AE71374-4C4C-32F8-8065-1A54D1AB448E}.Release|Any CPU.ActiveCfg = Release|Any CPU
		{7AE71374-4C4C-32F8-8065-1A54D1AB448E}.Release|Any CPU.Build.0 = Release|Any CPU
		{7AE71374-4C4C-32F8-8065-1A54D1AB448E}.Release|x64.ActiveCfg = Release|Any CPU
		{7AE71374-4C4C-32F8-8065-1A54D1AB448E}.Release|x64.Build.0 = Release|Any CPU
		{7AE71374-4C4C-32F8-8065-1A54D1AB448E}.Release|x86.ActiveCfg = Release|Any CPU
		{7AE71374-4C4C-32F8-8065-1A54D1AB448E}.Release|x86.Build.0 = Release|Any CPU
		{F46D6AA4-36EB-BF4F-D22C-A04AA1773DB7}.Debug|Any CPU.ActiveCfg = Debug|Any CPU
		{F46D6AA4-36EB-BF4F-D22C-A04AA1773DB7}.Debug|Any CPU.Build.0 = Debug|Any CPU
		{F46D6AA4-36EB-BF4F-D22C-A04AA1773DB7}.Debug|x64.ActiveCfg = Debug|Any CPU
		{F46D6AA4-36EB-BF4F-D22C-A04AA1773DB7}.Debug|x64.Build.0 = Debug|Any CPU
		{F46D6AA4-36EB-BF4F-D22C-A04AA1773DB7}.Debug|x86.ActiveCfg = Debug|Any CPU
		{F46D6AA4-36EB-BF4F-D22C-A04AA1773DB7}.Debug|x86.Build.0 = Debug|Any CPU
		{F46D6AA4-36EB-BF4F-D22C-A04AA1773DB7}.Release|Any CPU.ActiveCfg = Release|Any CPU
		{F46D6AA4-36EB-BF4F-D22C-A04AA1773DB7}.Release|Any CPU.Build.0 = Release|Any CPU
		{F46D6AA4-36EB-BF4F-D22C-A04AA1773DB7}.Release|x64.ActiveCfg = Release|Any CPU
		{F46D6AA4-36EB-BF4F-D22C-A04AA1773DB7}.Release|x64.Build.0 = Release|Any CPU
		{F46D6AA4-36EB-BF4F-D22C-A04AA1773DB7}.Release|x86.ActiveCfg = Release|Any CPU
		{F46D6AA4-36EB-BF4F-D22C-A04AA1773DB7}.Release|x86.Build.0 = Release|Any CPU
		{45D190DA-0FA4-365F-711B-76D4102989E6}.Debug|Any CPU.ActiveCfg = Debug|Any CPU
		{45D190DA-0FA4-365F-711B-76D4102989E6}.Debug|Any CPU.Build.0 = Debug|Any CPU
		{45D190DA-0FA4-365F-711B-76D4102989E6}.Debug|x64.ActiveCfg = Debug|Any CPU
		{45D190DA-0FA4-365F-711B-76D4102989E6}.Debug|x64.Build.0 = Debug|Any CPU
		{45D190DA-0FA4-365F-711B-76D4102989E6}.Debug|x86.ActiveCfg = Debug|Any CPU
		{45D190DA-0FA4-365F-711B-76D4102989E6}.Debug|x86.Build.0 = Debug|Any CPU
		{45D190DA-0FA4-365F-711B-76D4102989E6}.Release|Any CPU.ActiveCfg = Release|Any CPU
		{45D190DA-0FA4-365F-711B-76D4102989E6}.Release|Any CPU.Build.0 = Release|Any CPU
		{45D190DA-0FA4-365F-711B-76D4102989E6}.Release|x64.ActiveCfg = Release|Any CPU
		{45D190DA-0FA4-365F-711B-76D4102989E6}.Release|x64.Build.0 = Release|Any CPU
		{45D190DA-0FA4-365F-711B-76D4102989E6}.Release|x86.ActiveCfg = Release|Any CPU
		{45D190DA-0FA4-365F-711B-76D4102989E6}.Release|x86.Build.0 = Release|Any CPU
		{D807611A-8B40-D1B3-F7DB-F289F71234A4}.Debug|Any CPU.ActiveCfg = Debug|Any CPU
		{D807611A-8B40-D1B3-F7DB-F289F71234A4}.Debug|Any CPU.Build.0 = Debug|Any CPU
		{D807611A-8B40-D1B3-F7DB-F289F71234A4}.Debug|x64.ActiveCfg = Debug|Any CPU
		{D807611A-8B40-D1B3-F7DB-F289F71234A4}.Debug|x64.Build.0 = Debug|Any CPU
		{D807611A-8B40-D1B3-F7DB-F289F71234A4}.Debug|x86.ActiveCfg = Debug|Any CPU
		{D807611A-8B40-D1B3-F7DB-F289F71234A4}.Debug|x86.Build.0 = Debug|Any CPU
		{D807611A-8B40-D1B3-F7DB-F289F71234A4}.Release|Any CPU.ActiveCfg = Release|Any CPU
		{D807611A-8B40-D1B3-F7DB-F289F71234A4}.Release|Any CPU.Build.0 = Release|Any CPU
		{D807611A-8B40-D1B3-F7DB-F289F71234A4}.Release|x64.ActiveCfg = Release|Any CPU
		{D807611A-8B40-D1B3-F7DB-F289F71234A4}.Release|x64.Build.0 = Release|Any CPU
		{D807611A-8B40-D1B3-F7DB-F289F71234A4}.Release|x86.ActiveCfg = Release|Any CPU
		{D807611A-8B40-D1B3-F7DB-F289F71234A4}.Release|x86.Build.0 = Release|Any CPU
		{42AD19E2-EA6C-A00E-B2F0-A1D3A813A68B}.Debug|Any CPU.ActiveCfg = Debug|Any CPU
		{42AD19E2-EA6C-A00E-B2F0-A1D3A813A68B}.Debug|Any CPU.Build.0 = Debug|Any CPU
		{42AD19E2-EA6C-A00E-B2F0-A1D3A813A68B}.Debug|x64.ActiveCfg = Debug|Any CPU
		{42AD19E2-EA6C-A00E-B2F0-A1D3A813A68B}.Debug|x64.Build.0 = Debug|Any CPU
		{42AD19E2-EA6C-A00E-B2F0-A1D3A813A68B}.Debug|x86.ActiveCfg = Debug|Any CPU
		{42AD19E2-EA6C-A00E-B2F0-A1D3A813A68B}.Debug|x86.Build.0 = Debug|Any CPU
		{42AD19E2-EA6C-A00E-B2F0-A1D3A813A68B}.Release|Any CPU.ActiveCfg = Release|Any CPU
		{42AD19E2-EA6C-A00E-B2F0-A1D3A813A68B}.Release|Any CPU.Build.0 = Release|Any CPU
		{42AD19E2-EA6C-A00E-B2F0-A1D3A813A68B}.Release|x64.ActiveCfg = Release|Any CPU
		{42AD19E2-EA6C-A00E-B2F0-A1D3A813A68B}.Release|x64.Build.0 = Release|Any CPU
		{42AD19E2-EA6C-A00E-B2F0-A1D3A813A68B}.Release|x86.ActiveCfg = Release|Any CPU
		{42AD19E2-EA6C-A00E-B2F0-A1D3A813A68B}.Release|x86.Build.0 = Release|Any CPU
		{6C1D0DE4-D7BD-4289-F139-8BEC1795632E}.Debug|Any CPU.ActiveCfg = Debug|Any CPU
		{6C1D0DE4-D7BD-4289-F139-8BEC1795632E}.Debug|Any CPU.Build.0 = Debug|Any CPU
		{6C1D0DE4-D7BD-4289-F139-8BEC1795632E}.Debug|x64.ActiveCfg = Debug|Any CPU
		{6C1D0DE4-D7BD-4289-F139-8BEC1795632E}.Debug|x64.Build.0 = Debug|Any CPU
		{6C1D0DE4-D7BD-4289-F139-8BEC1795632E}.Debug|x86.ActiveCfg = Debug|Any CPU
		{6C1D0DE4-D7BD-4289-F139-8BEC1795632E}.Debug|x86.Build.0 = Debug|Any CPU
		{6C1D0DE4-D7BD-4289-F139-8BEC1795632E}.Release|Any CPU.ActiveCfg = Release|Any CPU
		{6C1D0DE4-D7BD-4289-F139-8BEC1795632E}.Release|Any CPU.Build.0 = Release|Any CPU
		{6C1D0DE4-D7BD-4289-F139-8BEC1795632E}.Release|x64.ActiveCfg = Release|Any CPU
		{6C1D0DE4-D7BD-4289-F139-8BEC1795632E}.Release|x64.Build.0 = Release|Any CPU
		{6C1D0DE4-D7BD-4289-F139-8BEC1795632E}.Release|x86.ActiveCfg = Release|Any CPU
		{6C1D0DE4-D7BD-4289-F139-8BEC1795632E}.Release|x86.Build.0 = Release|Any CPU
		{047CE111-90C2-7D9B-453A-3DEFACB763ED}.Debug|Any CPU.ActiveCfg = Debug|Any CPU
		{047CE111-90C2-7D9B-453A-3DEFACB763ED}.Debug|Any CPU.Build.0 = Debug|Any CPU
		{047CE111-90C2-7D9B-453A-3DEFACB763ED}.Debug|x64.ActiveCfg = Debug|Any CPU
		{047CE111-90C2-7D9B-453A-3DEFACB763ED}.Debug|x64.Build.0 = Debug|Any CPU
		{047CE111-90C2-7D9B-453A-3DEFACB763ED}.Debug|x86.ActiveCfg = Debug|Any CPU
		{047CE111-90C2-7D9B-453A-3DEFACB763ED}.Debug|x86.Build.0 = Debug|Any CPU
		{047CE111-90C2-7D9B-453A-3DEFACB763ED}.Release|Any CPU.ActiveCfg = Release|Any CPU
		{047CE111-90C2-7D9B-453A-3DEFACB763ED}.Release|Any CPU.Build.0 = Release|Any CPU
		{047CE111-90C2-7D9B-453A-3DEFACB763ED}.Release|x64.ActiveCfg = Release|Any CPU
		{047CE111-90C2-7D9B-453A-3DEFACB763ED}.Release|x64.Build.0 = Release|Any CPU
		{047CE111-90C2-7D9B-453A-3DEFACB763ED}.Release|x86.ActiveCfg = Release|Any CPU
		{047CE111-90C2-7D9B-453A-3DEFACB763ED}.Release|x86.Build.0 = Release|Any CPU
		{D9FD92B5-DFFE-CE7E-F45C-37F09C636311}.Debug|Any CPU.ActiveCfg = Debug|Any CPU
		{D9FD92B5-DFFE-CE7E-F45C-37F09C636311}.Debug|Any CPU.Build.0 = Debug|Any CPU
		{D9FD92B5-DFFE-CE7E-F45C-37F09C636311}.Debug|x64.ActiveCfg = Debug|Any CPU
		{D9FD92B5-DFFE-CE7E-F45C-37F09C636311}.Debug|x64.Build.0 = Debug|Any CPU
		{D9FD92B5-DFFE-CE7E-F45C-37F09C636311}.Debug|x86.ActiveCfg = Debug|Any CPU
		{D9FD92B5-DFFE-CE7E-F45C-37F09C636311}.Debug|x86.Build.0 = Debug|Any CPU
		{D9FD92B5-DFFE-CE7E-F45C-37F09C636311}.Release|Any CPU.ActiveCfg = Release|Any CPU
		{D9FD92B5-DFFE-CE7E-F45C-37F09C636311}.Release|Any CPU.Build.0 = Release|Any CPU
		{D9FD92B5-DFFE-CE7E-F45C-37F09C636311}.Release|x64.ActiveCfg = Release|Any CPU
		{D9FD92B5-DFFE-CE7E-F45C-37F09C636311}.Release|x64.Build.0 = Release|Any CPU
		{D9FD92B5-DFFE-CE7E-F45C-37F09C636311}.Release|x86.ActiveCfg = Release|Any CPU
		{D9FD92B5-DFFE-CE7E-F45C-37F09C636311}.Release|x86.Build.0 = Release|Any CPU
		{0E7BC535-4B50-FFC2-A1F4-D4932A99CEA9}.Debug|Any CPU.ActiveCfg = Debug|Any CPU
		{0E7BC535-4B50-FFC2-A1F4-D4932A99CEA9}.Debug|Any CPU.Build.0 = Debug|Any CPU
		{0E7BC535-4B50-FFC2-A1F4-D4932A99CEA9}.Debug|x64.ActiveCfg = Debug|Any CPU
		{0E7BC535-4B50-FFC2-A1F4-D4932A99CEA9}.Debug|x64.Build.0 = Debug|Any CPU
		{0E7BC535-4B50-FFC2-A1F4-D4932A99CEA9}.Debug|x86.ActiveCfg = Debug|Any CPU
		{0E7BC535-4B50-FFC2-A1F4-D4932A99CEA9}.Debug|x86.Build.0 = Debug|Any CPU
		{0E7BC535-4B50-FFC2-A1F4-D4932A99CEA9}.Release|Any CPU.ActiveCfg = Release|Any CPU
		{0E7BC535-4B50-FFC2-A1F4-D4932A99CEA9}.Release|Any CPU.Build.0 = Release|Any CPU
		{0E7BC535-4B50-FFC2-A1F4-D4932A99CEA9}.Release|x64.ActiveCfg = Release|Any CPU
		{0E7BC535-4B50-FFC2-A1F4-D4932A99CEA9}.Release|x64.Build.0 = Release|Any CPU
		{0E7BC535-4B50-FFC2-A1F4-D4932A99CEA9}.Release|x86.ActiveCfg = Release|Any CPU
		{0E7BC535-4B50-FFC2-A1F4-D4932A99CEA9}.Release|x86.Build.0 = Release|Any CPU
		{A5B83474-8F06-7273-0B28-67F56087D5CE}.Debug|Any CPU.ActiveCfg = Debug|Any CPU
		{A5B83474-8F06-7273-0B28-67F56087D5CE}.Debug|Any CPU.Build.0 = Debug|Any CPU
		{A5B83474-8F06-7273-0B28-67F56087D5CE}.Debug|x64.ActiveCfg = Debug|Any CPU
		{A5B83474-8F06-7273-0B28-67F56087D5CE}.Debug|x64.Build.0 = Debug|Any CPU
		{A5B83474-8F06-7273-0B28-67F56087D5CE}.Debug|x86.ActiveCfg = Debug|Any CPU
		{A5B83474-8F06-7273-0B28-67F56087D5CE}.Debug|x86.Build.0 = Debug|Any CPU
		{A5B83474-8F06-7273-0B28-67F56087D5CE}.Release|Any CPU.ActiveCfg = Release|Any CPU
		{A5B83474-8F06-7273-0B28-67F56087D5CE}.Release|Any CPU.Build.0 = Release|Any CPU
		{A5B83474-8F06-7273-0B28-67F56087D5CE}.Release|x64.ActiveCfg = Release|Any CPU
		{A5B83474-8F06-7273-0B28-67F56087D5CE}.Release|x64.Build.0 = Release|Any CPU
		{A5B83474-8F06-7273-0B28-67F56087D5CE}.Release|x86.ActiveCfg = Release|Any CPU
		{A5B83474-8F06-7273-0B28-67F56087D5CE}.Release|x86.Build.0 = Release|Any CPU
		{1844E62B-C88E-EF72-7772-B8266FF6CE38}.Debug|Any CPU.ActiveCfg = Debug|Any CPU
		{1844E62B-C88E-EF72-7772-B8266FF6CE38}.Debug|Any CPU.Build.0 = Debug|Any CPU
		{1844E62B-C88E-EF72-7772-B8266FF6CE38}.Debug|x64.ActiveCfg = Debug|Any CPU
		{1844E62B-C88E-EF72-7772-B8266FF6CE38}.Debug|x64.Build.0 = Debug|Any CPU
		{1844E62B-C88E-EF72-7772-B8266FF6CE38}.Debug|x86.ActiveCfg = Debug|Any CPU
		{1844E62B-C88E-EF72-7772-B8266FF6CE38}.Debug|x86.Build.0 = Debug|Any CPU
		{1844E62B-C88E-EF72-7772-B8266FF6CE38}.Release|Any CPU.ActiveCfg = Release|Any CPU
		{1844E62B-C88E-EF72-7772-B8266FF6CE38}.Release|Any CPU.Build.0 = Release|Any CPU
		{1844E62B-C88E-EF72-7772-B8266FF6CE38}.Release|x64.ActiveCfg = Release|Any CPU
		{1844E62B-C88E-EF72-7772-B8266FF6CE38}.Release|x64.Build.0 = Release|Any CPU
		{1844E62B-C88E-EF72-7772-B8266FF6CE38}.Release|x86.ActiveCfg = Release|Any CPU
		{1844E62B-C88E-EF72-7772-B8266FF6CE38}.Release|x86.Build.0 = Release|Any CPU
		{FF36D259-860B-6C38-7787-3A129C8E0F05}.Debug|Any CPU.ActiveCfg = Debug|Any CPU
		{FF36D259-860B-6C38-7787-3A129C8E0F05}.Debug|Any CPU.Build.0 = Debug|Any CPU
		{FF36D259-860B-6C38-7787-3A129C8E0F05}.Debug|x64.ActiveCfg = Debug|Any CPU
		{FF36D259-860B-6C38-7787-3A129C8E0F05}.Debug|x64.Build.0 = Debug|Any CPU
		{FF36D259-860B-6C38-7787-3A129C8E0F05}.Debug|x86.ActiveCfg = Debug|Any CPU
		{FF36D259-860B-6C38-7787-3A129C8E0F05}.Debug|x86.Build.0 = Debug|Any CPU
		{FF36D259-860B-6C38-7787-3A129C8E0F05}.Release|Any CPU.ActiveCfg = Release|Any CPU
		{FF36D259-860B-6C38-7787-3A129C8E0F05}.Release|Any CPU.Build.0 = Release|Any CPU
		{FF36D259-860B-6C38-7787-3A129C8E0F05}.Release|x64.ActiveCfg = Release|Any CPU
		{FF36D259-860B-6C38-7787-3A129C8E0F05}.Release|x64.Build.0 = Release|Any CPU
		{FF36D259-860B-6C38-7787-3A129C8E0F05}.Release|x86.ActiveCfg = Release|Any CPU
		{FF36D259-860B-6C38-7787-3A129C8E0F05}.Release|x86.Build.0 = Release|Any CPU
		{40728678-C9F0-452F-A738-1B8A5FF5A85A}.Debug|Any CPU.ActiveCfg = Debug|Any CPU
		{40728678-C9F0-452F-A738-1B8A5FF5A85A}.Debug|Any CPU.Build.0 = Debug|Any CPU
		{40728678-C9F0-452F-A738-1B8A5FF5A85A}.Debug|x64.ActiveCfg = Debug|Any CPU
		{40728678-C9F0-452F-A738-1B8A5FF5A85A}.Debug|x64.Build.0 = Debug|Any CPU
		{40728678-C9F0-452F-A738-1B8A5FF5A85A}.Debug|x86.ActiveCfg = Debug|Any CPU
		{40728678-C9F0-452F-A738-1B8A5FF5A85A}.Debug|x86.Build.0 = Debug|Any CPU
		{40728678-C9F0-452F-A738-1B8A5FF5A85A}.Release|Any CPU.ActiveCfg = Release|Any CPU
		{40728678-C9F0-452F-A738-1B8A5FF5A85A}.Release|Any CPU.Build.0 = Release|Any CPU
		{40728678-C9F0-452F-A738-1B8A5FF5A85A}.Release|x64.ActiveCfg = Release|Any CPU
		{40728678-C9F0-452F-A738-1B8A5FF5A85A}.Release|x64.Build.0 = Release|Any CPU
		{40728678-C9F0-452F-A738-1B8A5FF5A85A}.Release|x86.ActiveCfg = Release|Any CPU
		{40728678-C9F0-452F-A738-1B8A5FF5A85A}.Release|x86.Build.0 = Release|Any CPU
		{BFA35C30-3304-54C0-1B4C-E68A8AE8E4DC}.Debug|Any CPU.ActiveCfg = Debug|Any CPU
		{BFA35C30-3304-54C0-1B4C-E68A8AE8E4DC}.Debug|Any CPU.Build.0 = Debug|Any CPU
		{BFA35C30-3304-54C0-1B4C-E68A8AE8E4DC}.Debug|x64.ActiveCfg = Debug|Any CPU
		{BFA35C30-3304-54C0-1B4C-E68A8AE8E4DC}.Debug|x64.Build.0 = Debug|Any CPU
		{BFA35C30-3304-54C0-1B4C-E68A8AE8E4DC}.Debug|x86.ActiveCfg = Debug|Any CPU
		{BFA35C30-3304-54C0-1B4C-E68A8AE8E4DC}.Debug|x86.Build.0 = Debug|Any CPU
		{BFA35C30-3304-54C0-1B4C-E68A8AE8E4DC}.Release|Any CPU.ActiveCfg = Release|Any CPU
		{BFA35C30-3304-54C0-1B4C-E68A8AE8E4DC}.Release|Any CPU.Build.0 = Release|Any CPU
		{BFA35C30-3304-54C0-1B4C-E68A8AE8E4DC}.Release|x64.ActiveCfg = Release|Any CPU
		{BFA35C30-3304-54C0-1B4C-E68A8AE8E4DC}.Release|x64.Build.0 = Release|Any CPU
		{BFA35C30-3304-54C0-1B4C-E68A8AE8E4DC}.Release|x86.ActiveCfg = Release|Any CPU
		{BFA35C30-3304-54C0-1B4C-E68A8AE8E4DC}.Release|x86.Build.0 = Release|Any CPU
		{FCCA35DF-F3CA-F5CD-F1AF-1B4D2E1DD622}.Debug|Any CPU.ActiveCfg = Debug|Any CPU
		{FCCA35DF-F3CA-F5CD-F1AF-1B4D2E1DD622}.Debug|Any CPU.Build.0 = Debug|Any CPU
		{FCCA35DF-F3CA-F5CD-F1AF-1B4D2E1DD622}.Debug|x64.ActiveCfg = Debug|Any CPU
		{FCCA35DF-F3CA-F5CD-F1AF-1B4D2E1DD622}.Debug|x64.Build.0 = Debug|Any CPU
		{FCCA35DF-F3CA-F5CD-F1AF-1B4D2E1DD622}.Debug|x86.ActiveCfg = Debug|Any CPU
		{FCCA35DF-F3CA-F5CD-F1AF-1B4D2E1DD622}.Debug|x86.Build.0 = Debug|Any CPU
		{FCCA35DF-F3CA-F5CD-F1AF-1B4D2E1DD622}.Release|Any CPU.ActiveCfg = Release|Any CPU
		{FCCA35DF-F3CA-F5CD-F1AF-1B4D2E1DD622}.Release|Any CPU.Build.0 = Release|Any CPU
		{FCCA35DF-F3CA-F5CD-F1AF-1B4D2E1DD622}.Release|x64.ActiveCfg = Release|Any CPU
		{FCCA35DF-F3CA-F5CD-F1AF-1B4D2E1DD622}.Release|x64.Build.0 = Release|Any CPU
		{FCCA35DF-F3CA-F5CD-F1AF-1B4D2E1DD622}.Release|x86.ActiveCfg = Release|Any CPU
		{FCCA35DF-F3CA-F5CD-F1AF-1B4D2E1DD622}.Release|x86.Build.0 = Release|Any CPU
		{E5B98A1F-450D-94D0-4D2E-6220B68A66FA}.Debug|Any CPU.ActiveCfg = Debug|Any CPU
		{E5B98A1F-450D-94D0-4D2E-6220B68A66FA}.Debug|Any CPU.Build.0 = Debug|Any CPU
		{E5B98A1F-450D-94D0-4D2E-6220B68A66FA}.Debug|x64.ActiveCfg = Debug|Any CPU
		{E5B98A1F-450D-94D0-4D2E-6220B68A66FA}.Debug|x64.Build.0 = Debug|Any CPU
		{E5B98A1F-450D-94D0-4D2E-6220B68A66FA}.Debug|x86.ActiveCfg = Debug|Any CPU
		{E5B98A1F-450D-94D0-4D2E-6220B68A66FA}.Debug|x86.Build.0 = Debug|Any CPU
		{E5B98A1F-450D-94D0-4D2E-6220B68A66FA}.Release|Any CPU.ActiveCfg = Release|Any CPU
		{E5B98A1F-450D-94D0-4D2E-6220B68A66FA}.Release|Any CPU.Build.0 = Release|Any CPU
		{E5B98A1F-450D-94D0-4D2E-6220B68A66FA}.Release|x64.ActiveCfg = Release|Any CPU
		{E5B98A1F-450D-94D0-4D2E-6220B68A66FA}.Release|x64.Build.0 = Release|Any CPU
		{E5B98A1F-450D-94D0-4D2E-6220B68A66FA}.Release|x86.ActiveCfg = Release|Any CPU
		{E5B98A1F-450D-94D0-4D2E-6220B68A66FA}.Release|x86.Build.0 = Release|Any CPU
		{C7A427AC-13F0-28A4-1D1A-7E3F9FF9A368}.Debug|Any CPU.ActiveCfg = Debug|Any CPU
		{C7A427AC-13F0-28A4-1D1A-7E3F9FF9A368}.Debug|Any CPU.Build.0 = Debug|Any CPU
		{C7A427AC-13F0-28A4-1D1A-7E3F9FF9A368}.Debug|x64.ActiveCfg = Debug|Any CPU
		{C7A427AC-13F0-28A4-1D1A-7E3F9FF9A368}.Debug|x64.Build.0 = Debug|Any CPU
		{C7A427AC-13F0-28A4-1D1A-7E3F9FF9A368}.Debug|x86.ActiveCfg = Debug|Any CPU
		{C7A427AC-13F0-28A4-1D1A-7E3F9FF9A368}.Debug|x86.Build.0 = Debug|Any CPU
		{C7A427AC-13F0-28A4-1D1A-7E3F9FF9A368}.Release|Any CPU.ActiveCfg = Release|Any CPU
		{C7A427AC-13F0-28A4-1D1A-7E3F9FF9A368}.Release|Any CPU.Build.0 = Release|Any CPU
		{C7A427AC-13F0-28A4-1D1A-7E3F9FF9A368}.Release|x64.ActiveCfg = Release|Any CPU
		{C7A427AC-13F0-28A4-1D1A-7E3F9FF9A368}.Release|x64.Build.0 = Release|Any CPU
		{C7A427AC-13F0-28A4-1D1A-7E3F9FF9A368}.Release|x86.ActiveCfg = Release|Any CPU
		{C7A427AC-13F0-28A4-1D1A-7E3F9FF9A368}.Release|x86.Build.0 = Release|Any CPU
		{3FE29AEB-E7C3-0B7A-0070-03C50CF09B74}.Debug|Any CPU.ActiveCfg = Debug|Any CPU
		{3FE29AEB-E7C3-0B7A-0070-03C50CF09B74}.Debug|Any CPU.Build.0 = Debug|Any CPU
		{3FE29AEB-E7C3-0B7A-0070-03C50CF09B74}.Debug|x64.ActiveCfg = Debug|Any CPU
		{3FE29AEB-E7C3-0B7A-0070-03C50CF09B74}.Debug|x64.Build.0 = Debug|Any CPU
		{3FE29AEB-E7C3-0B7A-0070-03C50CF09B74}.Debug|x86.ActiveCfg = Debug|Any CPU
		{3FE29AEB-E7C3-0B7A-0070-03C50CF09B74}.Debug|x86.Build.0 = Debug|Any CPU
		{3FE29AEB-E7C3-0B7A-0070-03C50CF09B74}.Release|Any CPU.ActiveCfg = Release|Any CPU
		{3FE29AEB-E7C3-0B7A-0070-03C50CF09B74}.Release|Any CPU.Build.0 = Release|Any CPU
		{3FE29AEB-E7C3-0B7A-0070-03C50CF09B74}.Release|x64.ActiveCfg = Release|Any CPU
		{3FE29AEB-E7C3-0B7A-0070-03C50CF09B74}.Release|x64.Build.0 = Release|Any CPU
		{3FE29AEB-E7C3-0B7A-0070-03C50CF09B74}.Release|x86.ActiveCfg = Release|Any CPU
		{3FE29AEB-E7C3-0B7A-0070-03C50CF09B74}.Release|x86.Build.0 = Release|Any CPU
		{405023A7-A07F-26A2-1F3A-2FBA95D7A248}.Debug|Any CPU.ActiveCfg = Debug|Any CPU
		{405023A7-A07F-26A2-1F3A-2FBA95D7A248}.Debug|Any CPU.Build.0 = Debug|Any CPU
		{405023A7-A07F-26A2-1F3A-2FBA95D7A248}.Debug|x64.ActiveCfg = Debug|Any CPU
		{405023A7-A07F-26A2-1F3A-2FBA95D7A248}.Debug|x64.Build.0 = Debug|Any CPU
		{405023A7-A07F-26A2-1F3A-2FBA95D7A248}.Debug|x86.ActiveCfg = Debug|Any CPU
		{405023A7-A07F-26A2-1F3A-2FBA95D7A248}.Debug|x86.Build.0 = Debug|Any CPU
		{405023A7-A07F-26A2-1F3A-2FBA95D7A248}.Release|Any CPU.ActiveCfg = Release|Any CPU
		{405023A7-A07F-26A2-1F3A-2FBA95D7A248}.Release|Any CPU.Build.0 = Release|Any CPU
		{405023A7-A07F-26A2-1F3A-2FBA95D7A248}.Release|x64.ActiveCfg = Release|Any CPU
		{405023A7-A07F-26A2-1F3A-2FBA95D7A248}.Release|x64.Build.0 = Release|Any CPU
		{405023A7-A07F-26A2-1F3A-2FBA95D7A248}.Release|x86.ActiveCfg = Release|Any CPU
		{405023A7-A07F-26A2-1F3A-2FBA95D7A248}.Release|x86.Build.0 = Release|Any CPU
		{9B628D43-5F7E-0660-4085-B565C688FC39}.Debug|Any CPU.ActiveCfg = Debug|Any CPU
		{9B628D43-5F7E-0660-4085-B565C688FC39}.Debug|Any CPU.Build.0 = Debug|Any CPU
		{9B628D43-5F7E-0660-4085-B565C688FC39}.Debug|x64.ActiveCfg = Debug|Any CPU
		{9B628D43-5F7E-0660-4085-B565C688FC39}.Debug|x64.Build.0 = Debug|Any CPU
		{9B628D43-5F7E-0660-4085-B565C688FC39}.Debug|x86.ActiveCfg = Debug|Any CPU
		{9B628D43-5F7E-0660-4085-B565C688FC39}.Debug|x86.Build.0 = Debug|Any CPU
		{9B628D43-5F7E-0660-4085-B565C688FC39}.Release|Any CPU.ActiveCfg = Release|Any CPU
		{9B628D43-5F7E-0660-4085-B565C688FC39}.Release|Any CPU.Build.0 = Release|Any CPU
		{9B628D43-5F7E-0660-4085-B565C688FC39}.Release|x64.ActiveCfg = Release|Any CPU
		{9B628D43-5F7E-0660-4085-B565C688FC39}.Release|x64.Build.0 = Release|Any CPU
		{9B628D43-5F7E-0660-4085-B565C688FC39}.Release|x86.ActiveCfg = Release|Any CPU
		{9B628D43-5F7E-0660-4085-B565C688FC39}.Release|x86.Build.0 = Release|Any CPU
		{5A54616C-5C96-862A-3F92-0D0674D7E593}.Debug|Any CPU.ActiveCfg = Debug|Any CPU
		{5A54616C-5C96-862A-3F92-0D0674D7E593}.Debug|Any CPU.Build.0 = Debug|Any CPU
		{5A54616C-5C96-862A-3F92-0D0674D7E593}.Debug|x64.ActiveCfg = Debug|Any CPU
		{5A54616C-5C96-862A-3F92-0D0674D7E593}.Debug|x64.Build.0 = Debug|Any CPU
		{5A54616C-5C96-862A-3F92-0D0674D7E593}.Debug|x86.ActiveCfg = Debug|Any CPU
		{5A54616C-5C96-862A-3F92-0D0674D7E593}.Debug|x86.Build.0 = Debug|Any CPU
		{5A54616C-5C96-862A-3F92-0D0674D7E593}.Release|Any CPU.ActiveCfg = Release|Any CPU
		{5A54616C-5C96-862A-3F92-0D0674D7E593}.Release|Any CPU.Build.0 = Release|Any CPU
		{5A54616C-5C96-862A-3F92-0D0674D7E593}.Release|x64.ActiveCfg = Release|Any CPU
		{5A54616C-5C96-862A-3F92-0D0674D7E593}.Release|x64.Build.0 = Release|Any CPU
		{5A54616C-5C96-862A-3F92-0D0674D7E593}.Release|x86.ActiveCfg = Release|Any CPU
		{5A54616C-5C96-862A-3F92-0D0674D7E593}.Release|x86.Build.0 = Release|Any CPU
		{2B43D297-8DF9-547E-DB91-F532B8F1761D}.Debug|Any CPU.ActiveCfg = Debug|Any CPU
		{2B43D297-8DF9-547E-DB91-F532B8F1761D}.Debug|Any CPU.Build.0 = Debug|Any CPU
		{2B43D297-8DF9-547E-DB91-F532B8F1761D}.Debug|x64.ActiveCfg = Debug|Any CPU
		{2B43D297-8DF9-547E-DB91-F532B8F1761D}.Debug|x64.Build.0 = Debug|Any CPU
		{2B43D297-8DF9-547E-DB91-F532B8F1761D}.Debug|x86.ActiveCfg = Debug|Any CPU
		{2B43D297-8DF9-547E-DB91-F532B8F1761D}.Debug|x86.Build.0 = Debug|Any CPU
		{2B43D297-8DF9-547E-DB91-F532B8F1761D}.Release|Any CPU.ActiveCfg = Release|Any CPU
		{2B43D297-8DF9-547E-DB91-F532B8F1761D}.Release|Any CPU.Build.0 = Release|Any CPU
		{2B43D297-8DF9-547E-DB91-F532B8F1761D}.Release|x64.ActiveCfg = Release|Any CPU
		{2B43D297-8DF9-547E-DB91-F532B8F1761D}.Release|x64.Build.0 = Release|Any CPU
		{2B43D297-8DF9-547E-DB91-F532B8F1761D}.Release|x86.ActiveCfg = Release|Any CPU
		{2B43D297-8DF9-547E-DB91-F532B8F1761D}.Release|x86.Build.0 = Release|Any CPU
		{0C1CC975-7D09-5CB0-6C22-CE2E9578B14C}.Debug|Any CPU.ActiveCfg = Debug|Any CPU
		{0C1CC975-7D09-5CB0-6C22-CE2E9578B14C}.Debug|Any CPU.Build.0 = Debug|Any CPU
		{0C1CC975-7D09-5CB0-6C22-CE2E9578B14C}.Debug|x64.ActiveCfg = Debug|Any CPU
		{0C1CC975-7D09-5CB0-6C22-CE2E9578B14C}.Debug|x64.Build.0 = Debug|Any CPU
		{0C1CC975-7D09-5CB0-6C22-CE2E9578B14C}.Debug|x86.ActiveCfg = Debug|Any CPU
		{0C1CC975-7D09-5CB0-6C22-CE2E9578B14C}.Debug|x86.Build.0 = Debug|Any CPU
		{0C1CC975-7D09-5CB0-6C22-CE2E9578B14C}.Release|Any CPU.ActiveCfg = Release|Any CPU
		{0C1CC975-7D09-5CB0-6C22-CE2E9578B14C}.Release|Any CPU.Build.0 = Release|Any CPU
		{0C1CC975-7D09-5CB0-6C22-CE2E9578B14C}.Release|x64.ActiveCfg = Release|Any CPU
		{0C1CC975-7D09-5CB0-6C22-CE2E9578B14C}.Release|x64.Build.0 = Release|Any CPU
		{0C1CC975-7D09-5CB0-6C22-CE2E9578B14C}.Release|x86.ActiveCfg = Release|Any CPU
		{0C1CC975-7D09-5CB0-6C22-CE2E9578B14C}.Release|x86.Build.0 = Release|Any CPU
		{51ADA1E3-1BE9-BC25-1BDB-D8A38DD5BDF2}.Debug|Any CPU.ActiveCfg = Debug|Any CPU
		{51ADA1E3-1BE9-BC25-1BDB-D8A38DD5BDF2}.Debug|Any CPU.Build.0 = Debug|Any CPU
		{51ADA1E3-1BE9-BC25-1BDB-D8A38DD5BDF2}.Debug|x64.ActiveCfg = Debug|Any CPU
		{51ADA1E3-1BE9-BC25-1BDB-D8A38DD5BDF2}.Debug|x64.Build.0 = Debug|Any CPU
		{51ADA1E3-1BE9-BC25-1BDB-D8A38DD5BDF2}.Debug|x86.ActiveCfg = Debug|Any CPU
		{51ADA1E3-1BE9-BC25-1BDB-D8A38DD5BDF2}.Debug|x86.Build.0 = Debug|Any CPU
		{51ADA1E3-1BE9-BC25-1BDB-D8A38DD5BDF2}.Release|Any CPU.ActiveCfg = Release|Any CPU
		{51ADA1E3-1BE9-BC25-1BDB-D8A38DD5BDF2}.Release|Any CPU.Build.0 = Release|Any CPU
		{51ADA1E3-1BE9-BC25-1BDB-D8A38DD5BDF2}.Release|x64.ActiveCfg = Release|Any CPU
		{51ADA1E3-1BE9-BC25-1BDB-D8A38DD5BDF2}.Release|x64.Build.0 = Release|Any CPU
		{51ADA1E3-1BE9-BC25-1BDB-D8A38DD5BDF2}.Release|x86.ActiveCfg = Release|Any CPU
		{51ADA1E3-1BE9-BC25-1BDB-D8A38DD5BDF2}.Release|x86.Build.0 = Release|Any CPU
		{48ABDDB7-AF40-1645-7139-CAF46F12C687}.Debug|Any CPU.ActiveCfg = Debug|Any CPU
		{48ABDDB7-AF40-1645-7139-CAF46F12C687}.Debug|Any CPU.Build.0 = Debug|Any CPU
		{48ABDDB7-AF40-1645-7139-CAF46F12C687}.Debug|x64.ActiveCfg = Debug|Any CPU
		{48ABDDB7-AF40-1645-7139-CAF46F12C687}.Debug|x64.Build.0 = Debug|Any CPU
		{48ABDDB7-AF40-1645-7139-CAF46F12C687}.Debug|x86.ActiveCfg = Debug|Any CPU
		{48ABDDB7-AF40-1645-7139-CAF46F12C687}.Debug|x86.Build.0 = Debug|Any CPU
		{48ABDDB7-AF40-1645-7139-CAF46F12C687}.Release|Any CPU.ActiveCfg = Release|Any CPU
		{48ABDDB7-AF40-1645-7139-CAF46F12C687}.Release|Any CPU.Build.0 = Release|Any CPU
		{48ABDDB7-AF40-1645-7139-CAF46F12C687}.Release|x64.ActiveCfg = Release|Any CPU
		{48ABDDB7-AF40-1645-7139-CAF46F12C687}.Release|x64.Build.0 = Release|Any CPU
		{48ABDDB7-AF40-1645-7139-CAF46F12C687}.Release|x86.ActiveCfg = Release|Any CPU
		{48ABDDB7-AF40-1645-7139-CAF46F12C687}.Release|x86.Build.0 = Release|Any CPU
		{9D754E45-7BFE-BC2E-74AB-7CD93B1217AC}.Debug|Any CPU.ActiveCfg = Debug|Any CPU
		{9D754E45-7BFE-BC2E-74AB-7CD93B1217AC}.Debug|Any CPU.Build.0 = Debug|Any CPU
		{9D754E45-7BFE-BC2E-74AB-7CD93B1217AC}.Debug|x64.ActiveCfg = Debug|Any CPU
		{9D754E45-7BFE-BC2E-74AB-7CD93B1217AC}.Debug|x64.Build.0 = Debug|Any CPU
		{9D754E45-7BFE-BC2E-74AB-7CD93B1217AC}.Debug|x86.ActiveCfg = Debug|Any CPU
		{9D754E45-7BFE-BC2E-74AB-7CD93B1217AC}.Debug|x86.Build.0 = Debug|Any CPU
		{9D754E45-7BFE-BC2E-74AB-7CD93B1217AC}.Release|Any CPU.ActiveCfg = Release|Any CPU
		{9D754E45-7BFE-BC2E-74AB-7CD93B1217AC}.Release|Any CPU.Build.0 = Release|Any CPU
		{9D754E45-7BFE-BC2E-74AB-7CD93B1217AC}.Release|x64.ActiveCfg = Release|Any CPU
		{9D754E45-7BFE-BC2E-74AB-7CD93B1217AC}.Release|x64.Build.0 = Release|Any CPU
		{9D754E45-7BFE-BC2E-74AB-7CD93B1217AC}.Release|x86.ActiveCfg = Release|Any CPU
		{9D754E45-7BFE-BC2E-74AB-7CD93B1217AC}.Release|x86.Build.0 = Release|Any CPU
		{D4DDEA1F-60E7-DE0A-D931-6E3F6B9D2E63}.Debug|Any CPU.ActiveCfg = Debug|Any CPU
		{D4DDEA1F-60E7-DE0A-D931-6E3F6B9D2E63}.Debug|Any CPU.Build.0 = Debug|Any CPU
		{D4DDEA1F-60E7-DE0A-D931-6E3F6B9D2E63}.Debug|x64.ActiveCfg = Debug|Any CPU
		{D4DDEA1F-60E7-DE0A-D931-6E3F6B9D2E63}.Debug|x64.Build.0 = Debug|Any CPU
		{D4DDEA1F-60E7-DE0A-D931-6E3F6B9D2E63}.Debug|x86.ActiveCfg = Debug|Any CPU
		{D4DDEA1F-60E7-DE0A-D931-6E3F6B9D2E63}.Debug|x86.Build.0 = Debug|Any CPU
		{D4DDEA1F-60E7-DE0A-D931-6E3F6B9D2E63}.Release|Any CPU.ActiveCfg = Release|Any CPU
		{D4DDEA1F-60E7-DE0A-D931-6E3F6B9D2E63}.Release|Any CPU.Build.0 = Release|Any CPU
		{D4DDEA1F-60E7-DE0A-D931-6E3F6B9D2E63}.Release|x64.ActiveCfg = Release|Any CPU
		{D4DDEA1F-60E7-DE0A-D931-6E3F6B9D2E63}.Release|x64.Build.0 = Release|Any CPU
		{D4DDEA1F-60E7-DE0A-D931-6E3F6B9D2E63}.Release|x86.ActiveCfg = Release|Any CPU
		{D4DDEA1F-60E7-DE0A-D931-6E3F6B9D2E63}.Release|x86.Build.0 = Release|Any CPU
		{A42CD5B0-5266-4D33-A29C-700137AA0176}.Debug|Any CPU.ActiveCfg = Debug|Any CPU
		{A42CD5B0-5266-4D33-A29C-700137AA0176}.Debug|Any CPU.Build.0 = Debug|Any CPU
		{A42CD5B0-5266-4D33-A29C-700137AA0176}.Debug|x64.ActiveCfg = Debug|Any CPU
		{A42CD5B0-5266-4D33-A29C-700137AA0176}.Debug|x64.Build.0 = Debug|Any CPU
		{A42CD5B0-5266-4D33-A29C-700137AA0176}.Debug|x86.ActiveCfg = Debug|Any CPU
		{A42CD5B0-5266-4D33-A29C-700137AA0176}.Debug|x86.Build.0 = Debug|Any CPU
		{A42CD5B0-5266-4D33-A29C-700137AA0176}.Release|Any CPU.ActiveCfg = Release|Any CPU
		{A42CD5B0-5266-4D33-A29C-700137AA0176}.Release|Any CPU.Build.0 = Release|Any CPU
		{A42CD5B0-5266-4D33-A29C-700137AA0176}.Release|x64.ActiveCfg = Release|Any CPU
		{A42CD5B0-5266-4D33-A29C-700137AA0176}.Release|x64.Build.0 = Release|Any CPU
		{A42CD5B0-5266-4D33-A29C-700137AA0176}.Release|x86.ActiveCfg = Release|Any CPU
		{A42CD5B0-5266-4D33-A29C-700137AA0176}.Release|x86.Build.0 = Release|Any CPU
		{C2EFC65A-FA2D-2861-0D44-84459C278B90}.Debug|Any CPU.ActiveCfg = Debug|Any CPU
		{C2EFC65A-FA2D-2861-0D44-84459C278B90}.Debug|Any CPU.Build.0 = Debug|Any CPU
		{C2EFC65A-FA2D-2861-0D44-84459C278B90}.Debug|x64.ActiveCfg = Debug|Any CPU
		{C2EFC65A-FA2D-2861-0D44-84459C278B90}.Debug|x64.Build.0 = Debug|Any CPU
		{C2EFC65A-FA2D-2861-0D44-84459C278B90}.Debug|x86.ActiveCfg = Debug|Any CPU
		{C2EFC65A-FA2D-2861-0D44-84459C278B90}.Debug|x86.Build.0 = Debug|Any CPU
		{C2EFC65A-FA2D-2861-0D44-84459C278B90}.Release|Any CPU.ActiveCfg = Release|Any CPU
		{C2EFC65A-FA2D-2861-0D44-84459C278B90}.Release|Any CPU.Build.0 = Release|Any CPU
		{C2EFC65A-FA2D-2861-0D44-84459C278B90}.Release|x64.ActiveCfg = Release|Any CPU
		{C2EFC65A-FA2D-2861-0D44-84459C278B90}.Release|x64.Build.0 = Release|Any CPU
		{C2EFC65A-FA2D-2861-0D44-84459C278B90}.Release|x86.ActiveCfg = Release|Any CPU
		{C2EFC65A-FA2D-2861-0D44-84459C278B90}.Release|x86.Build.0 = Release|Any CPU
		{E1BE70E6-157A-20D6-E552-CFC670AE49CB}.Debug|Any CPU.ActiveCfg = Debug|Any CPU
		{E1BE70E6-157A-20D6-E552-CFC670AE49CB}.Debug|Any CPU.Build.0 = Debug|Any CPU
		{E1BE70E6-157A-20D6-E552-CFC670AE49CB}.Debug|x64.ActiveCfg = Debug|Any CPU
		{E1BE70E6-157A-20D6-E552-CFC670AE49CB}.Debug|x64.Build.0 = Debug|Any CPU
		{E1BE70E6-157A-20D6-E552-CFC670AE49CB}.Debug|x86.ActiveCfg = Debug|Any CPU
		{E1BE70E6-157A-20D6-E552-CFC670AE49CB}.Debug|x86.Build.0 = Debug|Any CPU
		{E1BE70E6-157A-20D6-E552-CFC670AE49CB}.Release|Any CPU.ActiveCfg = Release|Any CPU
		{E1BE70E6-157A-20D6-E552-CFC670AE49CB}.Release|Any CPU.Build.0 = Release|Any CPU
		{E1BE70E6-157A-20D6-E552-CFC670AE49CB}.Release|x64.ActiveCfg = Release|Any CPU
		{E1BE70E6-157A-20D6-E552-CFC670AE49CB}.Release|x64.Build.0 = Release|Any CPU
		{E1BE70E6-157A-20D6-E552-CFC670AE49CB}.Release|x86.ActiveCfg = Release|Any CPU
		{E1BE70E6-157A-20D6-E552-CFC670AE49CB}.Release|x86.Build.0 = Release|Any CPU
		{EEEDB658-0B10-FE74-13A1-FCD7D066844B}.Debug|Any CPU.ActiveCfg = Debug|Any CPU
		{EEEDB658-0B10-FE74-13A1-FCD7D066844B}.Debug|Any CPU.Build.0 = Debug|Any CPU
		{EEEDB658-0B10-FE74-13A1-FCD7D066844B}.Debug|x64.ActiveCfg = Debug|Any CPU
		{EEEDB658-0B10-FE74-13A1-FCD7D066844B}.Debug|x64.Build.0 = Debug|Any CPU
		{EEEDB658-0B10-FE74-13A1-FCD7D066844B}.Debug|x86.ActiveCfg = Debug|Any CPU
		{EEEDB658-0B10-FE74-13A1-FCD7D066844B}.Debug|x86.Build.0 = Debug|Any CPU
		{EEEDB658-0B10-FE74-13A1-FCD7D066844B}.Release|Any CPU.ActiveCfg = Release|Any CPU
		{EEEDB658-0B10-FE74-13A1-FCD7D066844B}.Release|Any CPU.Build.0 = Release|Any CPU
		{EEEDB658-0B10-FE74-13A1-FCD7D066844B}.Release|x64.ActiveCfg = Release|Any CPU
		{EEEDB658-0B10-FE74-13A1-FCD7D066844B}.Release|x64.Build.0 = Release|Any CPU
		{EEEDB658-0B10-FE74-13A1-FCD7D066844B}.Release|x86.ActiveCfg = Release|Any CPU
		{EEEDB658-0B10-FE74-13A1-FCD7D066844B}.Release|x86.Build.0 = Release|Any CPU
		{2835E0E6-D41A-4F6D-86E5-36E164185D3F}.Debug|Any CPU.ActiveCfg = Debug|Any CPU
		{2835E0E6-D41A-4F6D-86E5-36E164185D3F}.Debug|Any CPU.Build.0 = Debug|Any CPU
		{2835E0E6-D41A-4F6D-86E5-36E164185D3F}.Debug|x64.ActiveCfg = Debug|Any CPU
		{2835E0E6-D41A-4F6D-86E5-36E164185D3F}.Debug|x64.Build.0 = Debug|Any CPU
		{2835E0E6-D41A-4F6D-86E5-36E164185D3F}.Debug|x86.ActiveCfg = Debug|Any CPU
		{2835E0E6-D41A-4F6D-86E5-36E164185D3F}.Debug|x86.Build.0 = Debug|Any CPU
		{2835E0E6-D41A-4F6D-86E5-36E164185D3F}.Release|Any CPU.ActiveCfg = Release|Any CPU
		{2835E0E6-D41A-4F6D-86E5-36E164185D3F}.Release|Any CPU.Build.0 = Release|Any CPU
		{2835E0E6-D41A-4F6D-86E5-36E164185D3F}.Release|x64.ActiveCfg = Release|Any CPU
		{2835E0E6-D41A-4F6D-86E5-36E164185D3F}.Release|x64.Build.0 = Release|Any CPU
		{2835E0E6-D41A-4F6D-86E5-36E164185D3F}.Release|x86.ActiveCfg = Release|Any CPU
		{2835E0E6-D41A-4F6D-86E5-36E164185D3F}.Release|x86.Build.0 = Release|Any CPU
		{F5C647B7-B157-4049-AA63-A6D13CCF7A7C}.Debug|Any CPU.ActiveCfg = Debug|Any CPU
		{F5C647B7-B157-4049-AA63-A6D13CCF7A7C}.Debug|Any CPU.Build.0 = Debug|Any CPU
		{F5C647B7-B157-4049-AA63-A6D13CCF7A7C}.Debug|x64.ActiveCfg = Debug|Any CPU
		{F5C647B7-B157-4049-AA63-A6D13CCF7A7C}.Debug|x64.Build.0 = Debug|Any CPU
		{F5C647B7-B157-4049-AA63-A6D13CCF7A7C}.Debug|x86.ActiveCfg = Debug|Any CPU
		{F5C647B7-B157-4049-AA63-A6D13CCF7A7C}.Debug|x86.Build.0 = Debug|Any CPU
		{F5C647B7-B157-4049-AA63-A6D13CCF7A7C}.Release|Any CPU.ActiveCfg = Release|Any CPU
		{F5C647B7-B157-4049-AA63-A6D13CCF7A7C}.Release|Any CPU.Build.0 = Release|Any CPU
		{F5C647B7-B157-4049-AA63-A6D13CCF7A7C}.Release|x64.ActiveCfg = Release|Any CPU
		{F5C647B7-B157-4049-AA63-A6D13CCF7A7C}.Release|x64.Build.0 = Release|Any CPU
		{F5C647B7-B157-4049-AA63-A6D13CCF7A7C}.Release|x86.ActiveCfg = Release|Any CPU
		{F5C647B7-B157-4049-AA63-A6D13CCF7A7C}.Release|x86.Build.0 = Release|Any CPU
	EndGlobalSection
	GlobalSection(SolutionProperties) = preSolution
		HideSolutionNode = FALSE
	EndGlobalSection
	GlobalSection(NestedProjects) = preSolution
		{56F47C03-55B7-0815-6A9B-AE39D91B27DC} = {B760A253-9F68-673B-BD5D-A8E1592F7D45}
		{9048EB7F-3875-A59E-E36B-5BD4C6F2A282} = {827E0CD3-B72D-47B6-A68D-7590B98EB39B}
		{019A42D9-D136-DD0F-5FE9-699389BF4D57} = {9048EB7F-3875-A59E-E36B-5BD4C6F2A282}
		{EC447DCF-ABFA-6E24-52A5-D7FD48A5C558} = {827E0CD3-B72D-47B6-A68D-7590B98EB39B}
		{C0816834-193C-A5C9-8355-1CE6C9937322} = {EC447DCF-ABFA-6E24-52A5-D7FD48A5C558}
		{BD883EFC-C056-9011-C72A-1EBA65834060} = {EC447DCF-ABFA-6E24-52A5-D7FD48A5C558}
		{5FD953D6-9A84-DC2B-CDA7-D595C69DA379} = {EC447DCF-ABFA-6E24-52A5-D7FD48A5C558}
		{B478821D-D921-8194-88CC-B25AC4F6CE86} = {EC447DCF-ABFA-6E24-52A5-D7FD48A5C558}
		{6196644D-D84F-4400-D337-8DCF562CA532} = {EC447DCF-ABFA-6E24-52A5-D7FD48A5C558}
		{3CF18FE0-F048-93A1-A1BE-B4EFDF1420E9} = {EC447DCF-ABFA-6E24-52A5-D7FD48A5C558}
		{085A5499-60B8-0F5E-5BAE-2072EB443E03} = {EC447DCF-ABFA-6E24-52A5-D7FD48A5C558}
		{460F6CF4-BAA8-6AD9-3CA1-D90669E9043B} = {EC447DCF-ABFA-6E24-52A5-D7FD48A5C558}
		{D872CDC8-FABE-7C33-510A-9F7FD04DE464} = {EC447DCF-ABFA-6E24-52A5-D7FD48A5C558}
		{03054075-C1A9-231C-30B9-12AD3252DAAB} = {EC447DCF-ABFA-6E24-52A5-D7FD48A5C558}
		{D759D862-3288-D231-F432-B3CC35CD0C4E} = {EC447DCF-ABFA-6E24-52A5-D7FD48A5C558}
		{7AE71374-4C4C-32F8-8065-1A54D1AB448E} = {EC447DCF-ABFA-6E24-52A5-D7FD48A5C558}
		{F46D6AA4-36EB-BF4F-D22C-A04AA1773DB7} = {EC447DCF-ABFA-6E24-52A5-D7FD48A5C558}
		{45D190DA-0FA4-365F-711B-76D4102989E6} = {EC447DCF-ABFA-6E24-52A5-D7FD48A5C558}
		{D807611A-8B40-D1B3-F7DB-F289F71234A4} = {EC447DCF-ABFA-6E24-52A5-D7FD48A5C558}
		{42AD19E2-EA6C-A00E-B2F0-A1D3A813A68B} = {EC447DCF-ABFA-6E24-52A5-D7FD48A5C558}
		{6C1D0DE4-D7BD-4289-F139-8BEC1795632E} = {EC447DCF-ABFA-6E24-52A5-D7FD48A5C558}
		{047CE111-90C2-7D9B-453A-3DEFACB763ED} = {EC447DCF-ABFA-6E24-52A5-D7FD48A5C558}
		{D9FD92B5-DFFE-CE7E-F45C-37F09C636311} = {EC447DCF-ABFA-6E24-52A5-D7FD48A5C558}
		{0E7BC535-4B50-FFC2-A1F4-D4932A99CEA9} = {EC447DCF-ABFA-6E24-52A5-D7FD48A5C558}
		{A5B83474-8F06-7273-0B28-67F56087D5CE} = {EC447DCF-ABFA-6E24-52A5-D7FD48A5C558}
		{1844E62B-C88E-EF72-7772-B8266FF6CE38} = {EC447DCF-ABFA-6E24-52A5-D7FD48A5C558}
		{FF36D259-860B-6C38-7787-3A129C8E0F05} = {EC447DCF-ABFA-6E24-52A5-D7FD48A5C558}
		{40728678-C9F0-452F-A738-1B8A5FF5A85A} = {EC447DCF-ABFA-6E24-52A5-D7FD48A5C558}
		{BFA35C30-3304-54C0-1B4C-E68A8AE8E4DC} = {EC447DCF-ABFA-6E24-52A5-D7FD48A5C558}
		{FCCA35DF-F3CA-F5CD-F1AF-1B4D2E1DD622} = {EC447DCF-ABFA-6E24-52A5-D7FD48A5C558}
		{E5B98A1F-450D-94D0-4D2E-6220B68A66FA} = {EC447DCF-ABFA-6E24-52A5-D7FD48A5C558}
		{C7A427AC-13F0-28A4-1D1A-7E3F9FF9A368} = {EC447DCF-ABFA-6E24-52A5-D7FD48A5C558}
		{3FE29AEB-E7C3-0B7A-0070-03C50CF09B74} = {EC447DCF-ABFA-6E24-52A5-D7FD48A5C558}
		{405023A7-A07F-26A2-1F3A-2FBA95D7A248} = {EC447DCF-ABFA-6E24-52A5-D7FD48A5C558}
		{9B628D43-5F7E-0660-4085-B565C688FC39} = {EC447DCF-ABFA-6E24-52A5-D7FD48A5C558}
		{5A54616C-5C96-862A-3F92-0D0674D7E593} = {EC447DCF-ABFA-6E24-52A5-D7FD48A5C558}
		{2B43D297-8DF9-547E-DB91-F532B8F1761D} = {EC447DCF-ABFA-6E24-52A5-D7FD48A5C558}
		{0C1CC975-7D09-5CB0-6C22-CE2E9578B14C} = {EC447DCF-ABFA-6E24-52A5-D7FD48A5C558}
		{51ADA1E3-1BE9-BC25-1BDB-D8A38DD5BDF2} = {EC447DCF-ABFA-6E24-52A5-D7FD48A5C558}
		{48ABDDB7-AF40-1645-7139-CAF46F12C687} = {EC447DCF-ABFA-6E24-52A5-D7FD48A5C558}
		{9D754E45-7BFE-BC2E-74AB-7CD93B1217AC} = {EC447DCF-ABFA-6E24-52A5-D7FD48A5C558}
		{D4DDEA1F-60E7-DE0A-D931-6E3F6B9D2E63} = {EC447DCF-ABFA-6E24-52A5-D7FD48A5C558}
		{A42CD5B0-5266-4D33-A29C-700137AA0176} = {EC447DCF-ABFA-6E24-52A5-D7FD48A5C558}
		{B760A253-9F68-673B-BD5D-A8E1592F7D45} = {827E0CD3-B72D-47B6-A68D-7590B98EB39B}
		{C2EFC65A-FA2D-2861-0D44-84459C278B90} = {EC447DCF-ABFA-6E24-52A5-D7FD48A5C558}
		{E1BE70E6-157A-20D6-E552-CFC670AE49CB} = {EC447DCF-ABFA-6E24-52A5-D7FD48A5C558}
		{BE3BB9E3-F1B7-4D12-8DA0-A9EE9E686A98} = {827E0CD3-B72D-47B6-A68D-7590B98EB39B}
		{EEEDB658-0B10-FE74-13A1-FCD7D066844B} = {BE3BB9E3-F1B7-4D12-8DA0-A9EE9E686A98}
		{2835E0E6-D41A-4F6D-86E5-36E164185D3F} = {BE3BB9E3-F1B7-4D12-8DA0-A9EE9E686A98}
		{F5C647B7-B157-4049-AA63-A6D13CCF7A7C} = {EC447DCF-ABFA-6E24-52A5-D7FD48A5C558}
	EndGlobalSection
EndGlobal
